
Microsoft Visual Studio Solution File, Format Version 12.00
Project("{FAE04EC0-301F-11D3-BF4B-00C04F79EFBC}") = "NodeEditor.Desktop", "samples\NodeEditor.Desktop\NodeEditor.Desktop.csproj", "{4CE33B2E-C2AB-4BE5-A8A8-29F1CB8DDDC5}"
EndProject
Project("{2150E333-8FDC-42A3-9474-1A3956D46DE8}") = "src", "src", "{02D6D6DC-21FA-435F-9526-E6F635127483}"
EndProject
Project("{FAE04EC0-301F-11D3-BF4B-00C04F79EFBC}") = "NodeEditorAvalonia", "src\NodeEditorAvalonia\NodeEditorAvalonia.csproj", "{861D1DD2-FDE9-492E-AEF6-E00F92F61EBD}"
EndProject
Project("{2150E333-8FDC-42A3-9474-1A3956D46DE8}") = "samples", "samples", "{EA2546EB-E043-4411-92D2-96AF60E6EC70}"
EndProject
Project("{2150E333-8FDC-42A3-9474-1A3956D46DE8}") = "build", "build", "{17289397-391E-4F2E-A591-4AA3EEC80586}"
ProjectSection(SolutionItems) = preProject
	.editorconfig = .editorconfig
	azure-pipelines.yml = azure-pipelines.yml
	build.ps1 = build.ps1
	build.sh = build.sh
	global.json = global.json
	build\nodeeditor.public.snk = build\nodeeditor.public.snk
EndProjectSection
EndProject
Project("{2150E333-8FDC-42A3-9474-1A3956D46DE8}") = "tests", "tests", "{2D76C533-155A-4E1B-9665-BC0F48D1A634}"
EndProject
Project("{FAE04EC0-301F-11D3-BF4B-00C04F79EFBC}") = "NodeEditorAvalonia.UnitTests", "tests\NodeEditorAvalonia.UnitTests\NodeEditorAvalonia.UnitTests.csproj", "{7BD43F56-1050-4051-801F-EA5C532E05FA}"
EndProject
Project("{2150E333-8FDC-42A3-9474-1A3956D46DE8}") = "docs", "docs", "{E85732E3-2435-4AAE-A650-A4F7B40E6331}"
ProjectSection(SolutionItems) = preProject
	LICENSE.TXT = LICENSE.TXT
	README.md = README.md
EndProjectSection
EndProject
Project("{2150E333-8FDC-42A3-9474-1A3956D46DE8}") = "git", "git", "{75D70D48-0039-4249-9F9D-5BD2AAF5234D}"
ProjectSection(SolutionItems) = preProject
	.gitattributes = .gitattributes
	.gitignore = .gitignore
EndProjectSection
EndProject
Project("{2150E333-8FDC-42A3-9474-1A3956D46DE8}") = "nuget", "nuget", "{51C5CC41-B8B0-4763-B12F-CA77914C75DB}"
ProjectSection(SolutionItems) = preProject
	nuget.config = nuget.config
EndProjectSection
EndProject
Project("{2150E333-8FDC-42A3-9474-1A3956D46DE8}") = "props", "props", "{84BDAB45-41BD-4877-943C-81F9C9A6AF9A}"
ProjectSection(SolutionItems) = preProject
	build\Avalonia.Desktop.props = build\Avalonia.Desktop.props
	build\Avalonia.Diagnostics.props = build\Avalonia.Diagnostics.props
	build\Avalonia.props = build\Avalonia.props
	build\Avalonia.Xaml.Behaviors.props = build\Avalonia.Xaml.Behaviors.props
	build\Avalonia.Web.props = build\Avalonia.Web.props
	build\Base.props = build\Base.props
	build\ReferenceAssemblies.props = build\ReferenceAssemblies.props
	build\SignAssembly.props = build\SignAssembly.props
	build\SourceLink.props = build\SourceLink.props
	build\XUnit.props = build\XUnit.props
	build\Newtonsoft.Json.props = build\Newtonsoft.Json.props
	build\Avalonia.Controls.PanAndZoom.props = build\Avalonia.Controls.PanAndZoom.props
	build\ReactiveUI.props = build\ReactiveUI.props
	build\Avalonia.Skia.props = build\Avalonia.Skia.props
	build\Avalonia.Themes.Fluent.props = build\Avalonia.Themes.Fluent.props
	build\CommunityToolkit.Mvvm.props = build\CommunityToolkit.Mvvm.props
	build\System.Reactive.props = build\System.Reactive.props
	build\ReactiveMarbles.PropertyChanged.props = build\ReactiveMarbles.PropertyChanged.props
EndProjectSection
EndProject
Project("{FAE04EC0-301F-11D3-BF4B-00C04F79EFBC}") = "_build", "build\build\_build.csproj", "{0737F4A8-E674-4518-A362-0A78D03F8165}"
EndProject
Project("{FAE04EC0-301F-11D3-BF4B-00C04F79EFBC}") = "NodeEditorAvalonia.Model", "src\NodeEditorAvalonia.Model\NodeEditorAvalonia.Model.csproj", "{5DECE45D-598C-47F0-9776-2BE77A4572BC}"
EndProject
Project("{FAE04EC0-301F-11D3-BF4B-00C04F79EFBC}") = "NodeEditor.Base", "samples\NodeEditor.Base\NodeEditor.Base.csproj", "{1AC073FC-6F01-4F5B-AE78-17EE10F74D37}"
EndProject
Project("{FAE04EC0-301F-11D3-BF4B-00C04F79EFBC}") = "NodeEditor.Web", "samples\NodeEditor.Web\NodeEditor.Web.csproj", "{FE2664AE-527E-4044-A53E-6D4523857F98}"
EndProject
Project("{FAE04EC0-301F-11D3-BF4B-00C04F79EFBC}") = "NodeEditorAvalonia.Mvvm", "src\NodeEditorAvalonia.Mvvm\NodeEditorAvalonia.Mvvm.csproj", "{8B075269-7106-43CD-8BFB-DC64C88DF978}"
EndProject
Global
	GlobalSection(SolutionConfigurationPlatforms) = preSolution
		Debug|Any CPU = Debug|Any CPU
		Release|Any CPU = Release|Any CPU
	EndGlobalSection
	GlobalSection(ProjectConfigurationPlatforms) = postSolution
		{4CE33B2E-C2AB-4BE5-A8A8-29F1CB8DDDC5}.Debug|Any CPU.ActiveCfg = Debug|Any CPU
		{4CE33B2E-C2AB-4BE5-A8A8-29F1CB8DDDC5}.Debug|Any CPU.Build.0 = Debug|Any CPU
		{4CE33B2E-C2AB-4BE5-A8A8-29F1CB8DDDC5}.Release|Any CPU.ActiveCfg = Release|Any CPU
		{4CE33B2E-C2AB-4BE5-A8A8-29F1CB8DDDC5}.Release|Any CPU.Build.0 = Release|Any CPU
		{861D1DD2-FDE9-492E-AEF6-E00F92F61EBD}.Debug|Any CPU.ActiveCfg = Debug|Any CPU
		{861D1DD2-FDE9-492E-AEF6-E00F92F61EBD}.Debug|Any CPU.Build.0 = Debug|Any CPU
		{861D1DD2-FDE9-492E-AEF6-E00F92F61EBD}.Release|Any CPU.ActiveCfg = Release|Any CPU
		{861D1DD2-FDE9-492E-AEF6-E00F92F61EBD}.Release|Any CPU.Build.0 = Release|Any CPU
		{7BD43F56-1050-4051-801F-EA5C532E05FA}.Debug|Any CPU.ActiveCfg = Debug|Any CPU
		{7BD43F56-1050-4051-801F-EA5C532E05FA}.Debug|Any CPU.Build.0 = Debug|Any CPU
		{7BD43F56-1050-4051-801F-EA5C532E05FA}.Release|Any CPU.ActiveCfg = Release|Any CPU
		{7BD43F56-1050-4051-801F-EA5C532E05FA}.Release|Any CPU.Build.0 = Release|Any CPU
		{0737F4A8-E674-4518-A362-0A78D03F8165}.Debug|Any CPU.ActiveCfg = Debug|Any CPU
		{0737F4A8-E674-4518-A362-0A78D03F8165}.Debug|Any CPU.Build.0 = Debug|Any CPU
		{0737F4A8-E674-4518-A362-0A78D03F8165}.Release|Any CPU.ActiveCfg = Release|Any CPU
		{0737F4A8-E674-4518-A362-0A78D03F8165}.Release|Any CPU.Build.0 = Release|Any CPU
		{5DECE45D-598C-47F0-9776-2BE77A4572BC}.Debug|Any CPU.ActiveCfg = Debug|Any CPU
		{5DECE45D-598C-47F0-9776-2BE77A4572BC}.Debug|Any CPU.Build.0 = Debug|Any CPU
		{5DECE45D-598C-47F0-9776-2BE77A4572BC}.Release|Any CPU.ActiveCfg = Release|Any CPU
		{5DECE45D-598C-47F0-9776-2BE77A4572BC}.Release|Any CPU.Build.0 = Release|Any CPU
		{1AC073FC-6F01-4F5B-AE78-17EE10F74D37}.Debug|Any CPU.ActiveCfg = Debug|Any CPU
		{1AC073FC-6F01-4F5B-AE78-17EE10F74D37}.Debug|Any CPU.Build.0 = Debug|Any CPU
		{1AC073FC-6F01-4F5B-AE78-17EE10F74D37}.Release|Any CPU.ActiveCfg = Release|Any CPU
		{1AC073FC-6F01-4F5B-AE78-17EE10F74D37}.Release|Any CPU.Build.0 = Release|Any CPU
		{FE2664AE-527E-4044-A53E-6D4523857F98}.Debug|Any CPU.ActiveCfg = Debug|Any CPU
		{FE2664AE-527E-4044-A53E-6D4523857F98}.Debug|Any CPU.Build.0 = Debug|Any CPU
		{FE2664AE-527E-4044-A53E-6D4523857F98}.Release|Any CPU.ActiveCfg = Release|Any CPU
		{FE2664AE-527E-4044-A53E-6D4523857F98}.Release|Any CPU.Build.0 = Release|Any CPU
		{8B075269-7106-43CD-8BFB-DC64C88DF978}.Debug|Any CPU.ActiveCfg = Debug|Any CPU
		{8B075269-7106-43CD-8BFB-DC64C88DF978}.Debug|Any CPU.Build.0 = Debug|Any CPU
		{8B075269-7106-43CD-8BFB-DC64C88DF978}.Release|Any CPU.ActiveCfg = Release|Any CPU
		{8B075269-7106-43CD-8BFB-DC64C88DF978}.Release|Any CPU.Build.0 = Release|Any CPU
	EndGlobalSection
	GlobalSection(NestedProjects) = preSolution
		{861D1DD2-FDE9-492E-AEF6-E00F92F61EBD} = {02D6D6DC-21FA-435F-9526-E6F635127483}
		{4CE33B2E-C2AB-4BE5-A8A8-29F1CB8DDDC5} = {EA2546EB-E043-4411-92D2-96AF60E6EC70}
		{7BD43F56-1050-4051-801F-EA5C532E05FA} = {2D76C533-155A-4E1B-9665-BC0F48D1A634}
		{75D70D48-0039-4249-9F9D-5BD2AAF5234D} = {17289397-391E-4F2E-A591-4AA3EEC80586}
		{51C5CC41-B8B0-4763-B12F-CA77914C75DB} = {17289397-391E-4F2E-A591-4AA3EEC80586}
		{84BDAB45-41BD-4877-943C-81F9C9A6AF9A} = {17289397-391E-4F2E-A591-4AA3EEC80586}
		{0737F4A8-E674-4518-A362-0A78D03F8165} = {17289397-391E-4F2E-A591-4AA3EEC80586}
		{5DECE45D-598C-47F0-9776-2BE77A4572BC} = {02D6D6DC-21FA-435F-9526-E6F635127483}
		{1AC073FC-6F01-4F5B-AE78-17EE10F74D37} = {EA2546EB-E043-4411-92D2-96AF60E6EC70}
		{FE2664AE-527E-4044-A53E-6D4523857F98} = {EA2546EB-E043-4411-92D2-96AF60E6EC70}
		{8B075269-7106-43CD-8BFB-DC64C88DF978} = {02D6D6DC-21FA-435F-9526-E6F635127483}
	EndGlobalSection
EndGlobal
