
Microsoft Visual Studio Solution File, Format Version 12.00
Project("{FAE04EC0-301F-11D3-BF4B-00C04F79EFBC}") = "NodeEditorDemo", "src\NodeEditorDemo\NodeEditorDemo.csproj", "{4CE33B2E-C2AB-4BE5-A8A8-29F1CB8DDDC5}"
EndProject
Project("{2150E333-8FDC-42A3-9474-1A3956D46DE8}") = "src", "src", "{02D6D6DC-21FA-435F-9526-E6F635127483}"
EndProject
Project("{FAE04EC0-301F-11D3-BF4B-00C04F79EFBC}") = "NodeEditor", "src\NodeEditor\NodeEditor.csproj", "{861D1DD2-FDE9-492E-AEF6-E00F92F61EBD}"
EndProject
Global
	GlobalSection(SolutionConfigurationPlatforms) = preSolution
		Debug|Any CPU = Debug|Any CPU
		Release|Any CPU = Release|Any CPU
	EndGlobalSection
	GlobalSection(ProjectConfigurationPlatforms) = postSolution
		{4CE33B2E-C2AB-4BE5-A8A8-29F1CB8DDDC5}.Debug|Any CPU.ActiveCfg = Debug|Any CPU
		{4CE33B2E-C2AB-4BE5-A8A8-29F1CB8DDDC5}.Debug|Any CPU.Build.0 = Debug|Any CPU
		{4CE33B2E-C2AB-4BE5-A8A8-29F1CB8DDDC5}.Release|Any CPU.ActiveCfg = Release|Any CPU
		{4CE33B2E-C2AB-4BE5-A8A8-29F1CB8DDDC5}.Release|Any CPU.Build.0 = Release|Any CPU
		{861D1DD2-FDE9-492E-AEF6-E00F92F61EBD}.Debug|Any CPU.ActiveCfg = Debug|Any CPU
		{861D1DD2-FDE9-492E-AEF6-E00F92F61EBD}.Debug|Any CPU.Build.0 = Debug|Any CPU
		{861D1DD2-FDE9-492E-AEF6-E00F92F61EBD}.Release|Any CPU.ActiveCfg = Release|Any CPU
		{861D1DD2-FDE9-492E-AEF6-E00F92F61EBD}.Release|Any CPU.Build.0 = Release|Any CPU
	EndGlobalSection
	GlobalSection(NestedProjects) = preSolution
		{4CE33B2E-C2AB-4BE5-A8A8-29F1CB8DDDC5} = {02D6D6DC-21FA-435F-9526-E6F635127483}
		{861D1DD2-FDE9-492E-AEF6-E00F92F61EBD} = {02D6D6DC-21FA-435F-9526-E6F635127483}
	EndGlobalSection
EndGlobal
